
Microsoft Visual Studio Solution File, Format Version 12.00
# Visual Studio Version 16
VisualStudioVersion = 16.0.31019.35
MinimumVisualStudioVersion = 10.0.40219.1
Project("{E2DE2B39-165F-4D75-A9B3-6B53C0B08B9A}") = "CraftingSkill", "CraftingSkill\CraftingSkill.csproj", "{92F90B77-522E-4A67-AAEF-E5B593F1B7C5}"
EndProject
Global
	GlobalSection(SolutionConfigurationPlatforms) = preSolution
		Debug|Any CPU = Debug|Any CPU
		Release|Any CPU = Release|Any CPU
	EndGlobalSection
	GlobalSection(ProjectConfigurationPlatforms) = postSolution
		{92F90B77-522E-4A67-AAEF-E5B593F1B7C5}.Debug|Any CPU.ActiveCfg = Debug|Any CPU
		{92F90B77-522E-4A67-AAEF-E5B593F1B7C5}.Debug|Any CPU.Build.0 = Debug|Any CPU
		{92F90B77-522E-4A67-AAEF-E5B593F1B7C5}.Release|Any CPU.ActiveCfg = Release|Any CPU
		{92F90B77-522E-4A67-AAEF-E5B593F1B7C5}.Release|Any CPU.Build.0 = Release|Any CPU
	EndGlobalSection
	GlobalSection(SolutionProperties) = preSolution
		HideSolutionNode = FALSE
	EndGlobalSection
	GlobalSection(ExtensibilityGlobals) = postSolution
		SolutionGuid = {EA61C0C0-D5BC-4B47-982B-F31DE743218D}
	EndGlobalSection
EndGlobal
